<?xml version="1.0" encoding="utf-8"?>
<Project ToolsVersion="4.0" xmlns="http://schemas.microsoft.com/developer/msbuild/2003">
  <ItemGroup>
    <Filter Include="Source Files">
      <UniqueIdentifier>{e8edb969-c120-4f5e-ad0f-a57105594c27}</UniqueIdentifier>
      <Extensions>cpp;c;cxx;rc;def;r;odl;idl;hpj;bat</Extensions>
    </Filter>
    <Filter Include="Header Files">
      <UniqueIdentifier>{e60fa864-52e6-4334-b7ac-bb7c1d352359}</UniqueIdentifier>
      <Extensions>h;hpp;hxx;hm;inl</Extensions>
    </Filter>
  </ItemGroup>
  <ItemGroup>
    <ClCompile Include="..\Command\ALIAS.cpp">
      <Filter>Source Files</Filter>
    </ClCompile>
    <ClCompile Include="..\Command\CHECK.cpp">
      <Filter>Source Files</Filter>
    </ClCompile>
    <ClCompile Include="..\Command\CLONE.cpp">
      <Filter>Source Files</Filter>
    </ClCompile>
    <ClCompile Include="..\cmddef.cpp">
      <Filter>Source Files</Filter>
    </ClCompile>
    <ClCompile Include="..\Command\Command.cpp">
      <Filter>Source Files</Filter>
    </ClCompile>
    <ClCompile Include="..\common.c">
      <Filter>Source Files</Filter>
    </ClCompile>
    <ClCompile Include="..\Misc\CONFIG.cpp">
      <Filter>Source Files</Filter>
    </ClCompile>
    <ClCompile Include="..\Command\COPYDESC.cpp">
      <Filter>Source Files</Filter>
    </ClCompile>
    <ClCompile Include="..\Command\CREATE.cpp">
      <Filter>Source Files</Filter>
    </ClCompile>
    <ClCompile Include="..\Edesc\CRTDESC.cpp">
      <Filter>Source Files</Filter>
    </ClCompile>
    <ClCompile Include="..\Command\CRTEDIT.cpp">
      <Filter>Source Files</Filter>
    </ClCompile>
    <ClCompile Include="..\Room\CRTEXIT.cpp">
      <Filter>Source Files</Filter>
    </ClCompile>
    <ClCompile Include="..\Mob\CRTMOB.cpp">
      <Filter>Source Files</Filter>
    </ClCompile>
    <ClCompile Include="..\Mob\CRTMOBHU.cpp">
      <Filter>Source Files</Filter>
    </ClCompile>
    <ClCompile Include="..\Mob\Crtmobtu.cpp">
      <Filter>Source Files</Filter>
    </ClCompile>
    <ClCompile Include="..\Obj\CRTOBJ.cpp">
      <Filter>Source Files</Filter>
    </ClCompile>
    <ClCompile Include="..\Obj\CRTOBJHU.cpp">
      <Filter>Source Files</Filter>
    </ClCompile>
    <ClCompile Include="..\Obj\Crtobjtu.cpp">
      <Filter>Source Files</Filter>
    </ClCompile>
    <ClCompile Include="..\Room\CRTREXIT.cpp">
      <Filter>Source Files</Filter>
    </ClCompile>
    <ClCompile Include="..\Room\CRTROOM.cpp">
      <Filter>Source Files</Filter>
    </ClCompile>
    <ClCompile Include="..\Room\CRTROOMU.cpp">
      <Filter>Source Files</Filter>
    </ClCompile>
    <ClCompile Include="..\de.cpp">
      <Filter>Source Files</Filter>
    </ClCompile>
    <ClCompile Include="..\Misc\DEFAULT.cpp">
      <Filter>Source Files</Filter>
    </ClCompile>
    <ClCompile Include="..\Command\DELETE.cpp">
      <Filter>Source Files</Filter>
    </ClCompile>
    <ClCompile Include="..\Room\DELEXITU.cpp">
      <Filter>Source Files</Filter>
    </ClCompile>
    <ClCompile Include="..\Mob\DELMOBHU.cpp">
      <Filter>Source Files</Filter>
    </ClCompile>
    <ClCompile Include="..\Mob\DELMOBT.cpp">
      <Filter>Source Files</Filter>
    </ClCompile>
    <ClCompile Include="..\Mob\DELMOBTU.cpp">
      <Filter>Source Files</Filter>
    </ClCompile>
    <ClCompile Include="..\Obj\DELOBJH.cpp">
      <Filter>Source Files</Filter>
    </ClCompile>
    <ClCompile Include="..\Obj\DELOBJHU.cpp">
      <Filter>Source Files</Filter>
    </ClCompile>
    <ClCompile Include="..\Obj\DELOBJT.cpp">
      <Filter>Source Files</Filter>
    </ClCompile>
    <ClCompile Include="..\Obj\DELOBJTU.cpp">
      <Filter>Source Files</Filter>
    </ClCompile>
    <ClCompile Include="..\Quest\delqstu.cpp">
      <Filter>Source Files</Filter>
    </ClCompile>
    <ClCompile Include="..\Room\DELROOMU.cpp">
      <Filter>Source Files</Filter>
    </ClCompile>
    <ClCompile Include="..\Shop\DELSHPU.cpp">
      <Filter>Source Files</Filter>
    </ClCompile>
    <ClCompile Include="..\dispflag.cpp">
      <Filter>Source Files</Filter>
    </ClCompile>
    <ClCompile Include="..\Display.cpp">
      <Filter>Source Files</Filter>
    </ClCompile>
    <ClCompile Include="..\dispmisc.cpp">
      <Filter>Source Files</Filter>
    </ClCompile>
    <ClCompile Include="..\Mob\DISPMOB.cpp">
      <Filter>Source Files</Filter>
    </ClCompile>
    <ClCompile Include="..\Obj\DISPOBJ.cpp">
      <Filter>Source Files</Filter>
    </ClCompile>
    <ClCompile Include="..\Room\Disproom.cpp">
      <Filter>Source Files</Filter>
    </ClCompile>
    <ClCompile Include="..\Zone\DISPZONE.cpp">
      <Filter>Source Files</Filter>
    </ClCompile>
    <ClCompile Include="..\Inv\drop.cpp">
      <Filter>Source Files</Filter>
    </ClCompile>
    <ClCompile Include="..\Edesc\EDESC.cpp">
      <Filter>Source Files</Filter>
    </ClCompile>
    <ClCompile Include="..\Misc\EDITABLE.cpp">
      <Filter>Source Files</Filter>
    </ClCompile>
    <ClCompile Include="..\Misc\EDITCHCK.cpp">
      <Filter>Source Files</Filter>
    </ClCompile>
    <ClCompile Include="..\Edesc\EDITDESC.cpp">
      <Filter>Source Files</Filter>
    </ClCompile>
    <ClCompile Include="..\Misc\EDITDISP.cpp">
      <Filter>Source Files</Filter>
    </ClCompile>
    <ClCompile Include="..\Command\EDITENT.cpp">
      <Filter>Source Files</Filter>
    </ClCompile>
    <ClCompile Include="..\Room\EDITEXIT.cpp">
      <Filter>Source Files</Filter>
    </ClCompile>
    <ClCompile Include="..\editflag.cpp">
      <Filter>Source Files</Filter>
    </ClCompile>
    <ClCompile Include="..\Misc\EDITICHK.cpp">
      <Filter>Source Files</Filter>
    </ClCompile>
    <ClCompile Include="..\Misc\EDITMCHK.cpp">
      <Filter>Source Files</Filter>
    </ClCompile>
    <ClCompile Include="..\Mob\EDITMMS2.cpp">
      <Filter>Source Files</Filter>
    </ClCompile>
    <ClCompile Include="..\Mob\EDITMMS3.cpp">
      <Filter>Source Files</Filter>
    </ClCompile>
    <ClCompile Include="..\Mob\EDITMMSC.cpp">
      <Filter>Source Files</Filter>
    </ClCompile>
    <ClCompile Include="..\Mob\EDITMOB.cpp">
      <Filter>Source Files</Filter>
    </ClCompile>
    <ClCompile Include="..\Mob\EDITMOBU.cpp">
      <Filter>Source Files</Filter>
    </ClCompile>
    <ClCompile Include="..\Obj\EDITOBJ.cpp">
      <Filter>Source Files</Filter>
    </ClCompile>
    <ClCompile Include="..\Obj\EDITOBJU.cpp">
      <Filter>Source Files</Filter>
    </ClCompile>
    <ClCompile Include="..\Misc\EDITOCHK.cpp">
      <Filter>Source Files</Filter>
    </ClCompile>
    <ClCompile Include="..\Obj\EDITOEXD.cpp">
      <Filter>Source Files</Filter>
    </ClCompile>
    <ClCompile Include="..\Obj\EDITOMS2.cpp">
      <Filter>Source Files</Filter>
    </ClCompile>
    <ClCompile Include="..\Obj\EDITOMSC.cpp">
      <Filter>Source Files</Filter>
    </ClCompile>
    <ClCompile Include="..\Obj\editotrp.cpp">
      <Filter>Source Files</Filter>
    </ClCompile>
    <ClCompile Include="..\Quest\editqst.cpp">
      <Filter>Source Files</Filter>
    </ClCompile>
    <ClCompile Include="..\Quest\EDITQSTI.cpp">
      <Filter>Source Files</Filter>
    </ClCompile>
    <ClCompile Include="..\Quest\EDITQSTM.cpp">
      <Filter>Source Files</Filter>
    </ClCompile>
    <ClCompile Include="..\Quest\EDITQSTQ.cpp">
      <Filter>Source Files</Filter>
    </ClCompile>
    <ClCompile Include="..\Quest\EDITQSTU.cpp">
      <Filter>Source Files</Filter>
    </ClCompile>
    <ClCompile Include="..\Misc\EDITRCHK.cpp">
      <Filter>Source Files</Filter>
    </ClCompile>
    <ClCompile Include="..\Room\EDITREXD.cpp">
      <Filter>Source Files</Filter>
    </ClCompile>
    <ClCompile Include="..\Room\EDITREXT.cpp">
      <Filter>Source Files</Filter>
    </ClCompile>
    <ClCompile Include="..\Room\EDITRMSC.cpp">
      <Filter>Source Files</Filter>
    </ClCompile>
    <ClCompile Include="..\Room\EDITROOM.cpp">
      <Filter>Source Files</Filter>
    </ClCompile>
    <ClCompile Include="..\Shop\editshp.cpp">
      <Filter>Source Files</Filter>
    </ClCompile>
    <ClCompile Include="..\Shop\EDITSHPB.cpp">
      <Filter>Source Files</Filter>
    </ClCompile>
    <ClCompile Include="..\Shop\EDITSHPC.cpp">
      <Filter>Source Files</Filter>
    </ClCompile>
    <ClCompile Include="..\Shop\EDITSHPM.cpp">
      <Filter>Source Files</Filter>
    </ClCompile>
    <ClCompile Include="..\Shop\EDITSHPR.cpp">
      <Filter>Source Files</Filter>
    </ClCompile>
    <ClCompile Include="..\Shop\EDITSHPS.cpp">
      <Filter>Source Files</Filter>
    </ClCompile>
    <ClCompile Include="..\Shop\EDITSHPT.cpp">
      <Filter>Source Files</Filter>
    </ClCompile>
    <ClCompile Include="..\Shop\EDITSHPU.cpp">
      <Filter>Source Files</Filter>
    </ClCompile>
    <ClCompile Include="..\editval.cpp">
      <Filter>Source Files</Filter>
    </ClCompile>
    <ClCompile Include="..\Zone\EDITZMSC.cpp">
      <Filter>Source Files</Filter>
    </ClCompile>
    <ClCompile Include="..\Zone\EDITZONE.cpp">
      <Filter>Source Files</Filter>
    </ClCompile>
    <ClCompile Include="..\Inv\EQUIP.cpp">
      <Filter>Source Files</Filter>
    </ClCompile>
    <ClCompile Include="..\Room\EXIT.cpp">
      <Filter>Source Files</Filter>
    </ClCompile>
    <ClCompile Include="..\FLAGDEF.cpp">
      <Filter>Source Files</Filter>
    </ClCompile>
    <ClCompile Include="..\Misc\Flags.cpp">
      <Filter>Source Files</Filter>
    </ClCompile>
    <ClCompile Include="..\Misc\Getstrn.cpp">
      <Filter>Source Files</Filter>
    </ClCompile>
    <ClCompile Include="..\Misc\HISTORY.cpp">
      <Filter>Source Files</Filter>
    </ClCompile>
    <ClCompile Include="..\Init.cpp">
      <Filter>Source Files</Filter>
    </ClCompile>
    <ClCompile Include="..\INTERP.cpp">
      <Filter>Source Files</Filter>
    </ClCompile>
    <ClCompile Include="..\Inv\INV.cpp">
      <Filter>Source Files</Filter>
    </ClCompile>
    <ClCompile Include="..\Misc\KEYWORDS.cpp">
      <Filter>Source Files</Filter>
    </ClCompile>
    <ClCompile Include="..\Command\LIST.cpp">
      <Filter>Source Files</Filter>
    </ClCompile>
    <ClCompile Include="..\listdef.cpp">
      <Filter>Source Files</Filter>
    </ClCompile>
    <ClCompile Include="..\Command\LOAD.cpp">
      <Filter>Source Files</Filter>
    </ClCompile>
    <ClCompile Include="..\Misc\LOADED.cpp">
      <Filter>Source Files</Filter>
    </ClCompile>
    <ClCompile Include="..\Command\LOOK.cpp">
      <Filter>Source Files</Filter>
    </ClCompile>
    <ClCompile Include="..\Command\MAINCOMM.cpp">
      <Filter>Source Files</Filter>
    </ClCompile>
    <ClCompile Include="..\map.cpp">
      <Filter>Source Files</Filter>
    </ClCompile>
    <ClCompile Include="..\Misc\MASTER.cpp">
      <Filter>Source Files</Filter>
    </ClCompile>
    <ClCompile Include="..\Misc\MENU.cpp">
      <Filter>Source Files</Filter>
    </ClCompile>
    <ClCompile Include="..\menudef.cpp">
      <Filter>Source Files</Filter>
    </ClCompile>
    <ClCompile Include="..\Misc\Misc.cpp">
      <Filter>Source Files</Filter>
    </ClCompile>
    <ClCompile Include="..\Command\MISCCOMM.cpp">
      <Filter>Source Files</Filter>
    </ClCompile>
    <ClCompile Include="..\Mob\MOB.cpp">
      <Filter>Source Files</Filter>
    </ClCompile>
    <ClCompile Include="..\Mob\Mobhere.cpp">
      <Filter>Source Files</Filter>
    </ClCompile>
    <ClCompile Include="..\Mob\MOBTYPES.cpp">
      <Filter>Source Files</Filter>
    </ClCompile>
    <ClCompile Include="..\Mob\MOBU.cpp">
      <Filter>Source Files</Filter>
    </ClCompile>
    <ClCompile Include="..\Command\MOUNTFOL.cpp">
      <Filter>Source Files</Filter>
    </ClCompile>
    <ClCompile Include="..\Misc\mudcomm.cpp">
      <Filter>Source Files</Filter>
    </ClCompile>
    <ClCompile Include="..\Obj\OBJECT.cpp">
      <Filter>Source Files</Filter>
    </ClCompile>
    <ClCompile Include="..\Obj\OBJECTU.cpp">
      <Filter>Source Files</Filter>
    </ClCompile>
    <ClCompile Include="..\Obj\OBJHERE.cpp">
      <Filter>Source Files</Filter>
    </ClCompile>
    <ClCompile Include="..\Obj\OBJTYPES.cpp">
      <Filter>Source Files</Filter>
    </ClCompile>
    <ClCompile Include="..\Command\PURGE.cpp">
      <Filter>Source Files</Filter>
    </ClCompile>
    <ClCompile Include="..\Inv\PUT.cpp">
      <Filter>Source Files</Filter>
    </ClCompile>
    <ClCompile Include="..\Quest\QSTTYPES.cpp">
      <Filter>Source Files</Filter>
    </ClCompile>
    <ClCompile Include="..\Quest\QUEST.cpp">
      <Filter>Source Files</Filter>
    </ClCompile>
    <ClCompile Include="..\edesc\readexd.cpp">
      <Filter>Source Files</Filter>
    </ClCompile>
    <ClCompile Include="..\readfile.cpp">
      <Filter>Source Files</Filter>
    </ClCompile>
    <ClCompile Include="..\Mob\READMOB.cpp">
      <Filter>Source Files</Filter>
    </ClCompile>
    <ClCompile Include="..\Obj\READOBJ.cpp">
      <Filter>Source Files</Filter>
    </ClCompile>
    <ClCompile Include="..\Quest\READQST.cpp">
      <Filter>Source Files</Filter>
    </ClCompile>
    <ClCompile Include="..\Set\READSET.cpp">
      <Filter>Source Files</Filter>
    </ClCompile>
    <ClCompile Include="..\Shop\READSHP.cpp">
      <Filter>Source Files</Filter>
    </ClCompile>
    <ClCompile Include="..\Room\READWLD.cpp">
      <Filter>Source Files</Filter>
    </ClCompile>
    <ClCompile Include="..\Zone\READZON.cpp">
      <Filter>Source Files</Filter>
    </ClCompile>
    <ClCompile Include="..\Room\ROOM.cpp">
      <Filter>Source Files</Filter>
    </ClCompile>
    <ClCompile Include="..\Room\ROOMTYPE.cpp">
      <Filter>Source Files</Filter>
    </ClCompile>
    <ClCompile Include="..\Room\ROOMU.cpp">
      <Filter>Source Files</Filter>
    </ClCompile>
    <ClCompile Include="..\Command\SETCOMM.cpp">
      <Filter>Source Files</Filter>
    </ClCompile>
    <ClCompile Include="..\Command\SETRAND.cpp">
      <Filter>Source Files</Filter>
    </ClCompile>
    <ClCompile Include="..\Shop\SHOP.cpp">
      <Filter>Source Files</Filter>
    </ClCompile>
    <ClCompile Include="..\skills.c">
      <Filter>Source Files</Filter>
    </ClCompile>
    <ClCompile Include="..\Command\STAT.cpp">
      <Filter>Source Files</Filter>
    </ClCompile>
    <ClCompile Include="..\Misc\Strings.cpp">
      <Filter>Source Files</Filter>
    </ClCompile>
    <ClCompile Include="..\Misc\STRNNODE.cpp">
      <Filter>Source Files</Filter>
    </ClCompile>
    <ClCompile Include="..\Inv\take.cpp">
      <Filter>Source Files</Filter>
    </ClCompile>
    <ClCompile Include="..\template.cpp">
      <Filter>Source Files</Filter>
    </ClCompile>
    <ClCompile Include="..\Inv\UNEQUIP.cpp">
      <Filter>Source Files</Filter>
    </ClCompile>
    <ClCompile Include="..\Command\Var.cpp">
      <Filter>Source Files</Filter>
    </ClCompile>
    <ClCompile Include="..\VARDEF.cpp">
      <Filter>Source Files</Filter>
    </ClCompile>
    <ClCompile Include="..\win32.cpp">
      <Filter>Source Files</Filter>
    </ClCompile>
    <ClCompile Include="..\edesc\writeexd.cpp">
      <Filter>Source Files</Filter>
    </ClCompile>
    <ClCompile Include="..\Mob\WRITEMOB.cpp">
      <Filter>Source Files</Filter>
    </ClCompile>
    <ClCompile Include="..\Obj\WRITEOBJ.cpp">
      <Filter>Source Files</Filter>
    </ClCompile>
    <ClCompile Include="..\Quest\WRITEQST.cpp">
      <Filter>Source Files</Filter>
    </ClCompile>
    <ClCompile Include="..\Set\WRITESET.cpp">
      <Filter>Source Files</Filter>
    </ClCompile>
    <ClCompile Include="..\Shop\WRITESHP.cpp">
      <Filter>Source Files</Filter>
    </ClCompile>
    <ClCompile Include="..\Room\WRITEWLD.cpp">
      <Filter>Source Files</Filter>
    </ClCompile>
    <ClCompile Include="..\Zone\WRITEZON.cpp">
      <Filter>Source Files</Filter>
    </ClCompile>
    <ClCompile Include="..\Zone\ZONE.cpp">
      <Filter>Source Files</Filter>
    </ClCompile>
    <ClCompile Include="..\zone\zonetype.cpp">
      <Filter>Source Files</Filter>
    </ClCompile>
  </ItemGroup>
  <ItemGroup>
    <ClInclude Include="..\Command\Alias.h">
      <Filter>Header Files</Filter>
    </ClInclude>
    <ClInclude Include="..\Obj\Armor.h">
      <Filter>Header Files</Filter>
    </ClInclude>
    <ClInclude Include="..\Misc\Bitdef.h">
      <Filter>Header Files</Filter>
    </ClInclude>
    <ClInclude Include="..\Boolean.h">
      <Filter>Header Files</Filter>
    </ClInclude>
    <ClInclude Include="..\Command\Check.h">
      <Filter>Header Files</Filter>
    </ClInclude>
    <ClInclude Include="..\Command\Command.h">
      <Filter>Header Files</Filter>
    </ClInclude>
    <ClInclude Include="..\De.h">
      <Filter>Header Files</Filter>
    </ClInclude>
    <ClInclude Include="..\defines.h">
      <Filter>Header Files</Filter>
    </ClInclude>
    <ClInclude Include="..\Dispflag.h">
      <Filter>Header Files</Filter>
    </ClInclude>
    <ClInclude Include="..\display.h">
      <Filter>Header Files</Filter>
    </ClInclude>
    <ClInclude Include="..\Zone\Dispzone.h">
      <Filter>Header Files</Filter>
    </ClInclude>
    <ClInclude Include="..\Edesc\Edesc.h">
      <Filter>Header Files</Filter>
    </ClInclude>
    <ClInclude Include="..\Misc\Editable.h">
      <Filter>Header Files</Filter>
    </ClInclude>
    <ClInclude Include="..\Room\Editexit.h">
      <Filter>Header Files</Filter>
    </ClInclude>
    <ClInclude Include="..\Obj\Editoexd.h">
      <Filter>Header Files</Filter>
    </ClInclude>
    <ClInclude Include="..\Quest\Editqst.h">
      <Filter>Header Files</Filter>
    </ClInclude>
    <ClInclude Include="..\Quest\Editqstq.h">
      <Filter>Header Files</Filter>
    </ClInclude>
    <ClInclude Include="..\Room\Editrexd.h">
      <Filter>Header Files</Filter>
    </ClInclude>
    <ClInclude Include="..\Shop\Editshp.h">
      <Filter>Header Files</Filter>
    </ClInclude>
    <ClInclude Include="..\Room\Exit.h">
      <Filter>Header Files</Filter>
    </ClInclude>
    <ClInclude Include="..\Fh.h">
      <Filter>Header Files</Filter>
    </ClInclude>
    <ClInclude Include="..\Flagdef.h">
      <Filter>Header Files</Filter>
    </ClInclude>
    <ClInclude Include="..\Misc\Flags.h">
      <Filter>Header Files</Filter>
    </ClInclude>
    <ClInclude Include="..\graphcon.h">
      <Filter>Header Files</Filter>
    </ClInclude>
    <ClInclude Include="..\Obj\Instrmnt.h">
      <Filter>Header Files</Filter>
    </ClInclude>
    <ClInclude Include="..\inv\inv.h">
      <Filter>Header Files</Filter>
    </ClInclude>
    <ClInclude Include="..\Keys.h">
      <Filter>Header Files</Filter>
    </ClInclude>
    <ClInclude Include="..\Obj\Liquids.h">
      <Filter>Header Files</Filter>
    </ClInclude>
    <ClInclude Include="..\Misc\Loaded.h">
      <Filter>Header Files</Filter>
    </ClInclude>
    <ClInclude Include="..\Command\Maincomm.h">
      <Filter>Header Files</Filter>
    </ClInclude>
    <ClInclude Include="..\Misc\Master.h">
      <Filter>Header Files</Filter>
    </ClInclude>
    <ClInclude Include="..\Obj\Material.h">
      <Filter>Header Files</Filter>
    </ClInclude>
    <ClInclude Include="..\Misc\Menu.h">
      <Filter>Header Files</Filter>
    </ClInclude>
    <ClInclude Include="..\Misc\Misc.h">
      <Filter>Header Files</Filter>
    </ClInclude>
    <ClInclude Include="..\Command\Misccomm.h">
      <Filter>Header Files</Filter>
    </ClInclude>
    <ClInclude Include="..\Obj\Missiles.h">
      <Filter>Header Files</Filter>
    </ClInclude>
    <ClInclude Include="..\Mob\Mob.h">
      <Filter>Header Files</Filter>
    </ClInclude>
    <ClInclude Include="..\Mob\Mobhere.h">
      <Filter>Header Files</Filter>
    </ClInclude>
    <ClInclude Include="..\Misc\mudcomm.h">
      <Filter>Header Files</Filter>
    </ClInclude>
    <ClInclude Include="..\Obj\objcraft.h">
      <Filter>Header Files</Filter>
    </ClInclude>
    <ClInclude Include="..\Obj\Object.h">
      <Filter>Header Files</Filter>
    </ClInclude>
    <ClInclude Include="..\Obj\Objhere.h">
      <Filter>Header Files</Filter>
    </ClInclude>
    <ClInclude Include="..\objmisc.h">
      <Filter>Header Files</Filter>
    </ClInclude>
    <ClInclude Include="..\Obj\Objsize.h">
      <Filter>Header Files</Filter>
    </ClInclude>
    <ClInclude Include="..\Quest\Quest.h">
      <Filter>Header Files</Filter>
    </ClInclude>
    <ClInclude Include="..\readfile.h">
      <Filter>Header Files</Filter>
    </ClInclude>
    <ClInclude Include="..\Quest\Readqst.h">
      <Filter>Header Files</Filter>
    </ClInclude>
    <ClInclude Include="..\Set\Readset.h">
      <Filter>Header Files</Filter>
    </ClInclude>
    <ClInclude Include="..\Zone\Readzon.h">
      <Filter>Header Files</Filter>
    </ClInclude>
    <ClInclude Include="..\Room\Room.h">
      <Filter>Header Files</Filter>
    </ClInclude>
    <ClInclude Include="..\Room\Roomu.h">
      <Filter>Header Files</Filter>
    </ClInclude>
    <ClInclude Include="..\Command\Setcomm.h">
      <Filter>Header Files</Filter>
    </ClInclude>
    <ClInclude Include="..\Obj\Shields.h">
      <Filter>Header Files</Filter>
    </ClInclude>
    <ClInclude Include="..\Shop\Shop.h">
      <Filter>Header Files</Filter>
    </ClInclude>
    <ClInclude Include="..\skillrec.h">
      <Filter>Header Files</Filter>
    </ClInclude>
    <ClInclude Include="..\Obj\skills.h">
      <Filter>Header Files</Filter>
    </ClInclude>
    <ClInclude Include="..\spells.h">
      <Filter>Header Files</Filter>
    </ClInclude>
    <ClInclude Include="..\Misc\Strnnode.h">
      <Filter>Header Files</Filter>
    </ClInclude>
    <ClInclude Include="..\System.h">
      <Filter>Header Files</Filter>
    </ClInclude>
    <ClInclude Include="..\obj\totem.h">
      <Filter>Header Files</Filter>
    </ClInclude>
    <ClInclude Include="..\Obj\Traps.h">
      <Filter>Header Files</Filter>
    </ClInclude>
    <ClInclude Include="..\Types.h">
      <Filter>Header Files</Filter>
    </ClInclude>
    <ClInclude Include="..\unixkey.h">
      <Filter>Header Files</Filter>
    </ClInclude>
    <ClInclude Include="..\utils.h">
      <Filter>Header Files</Filter>
    </ClInclude>
    <ClInclude Include="..\Command\Var.h">
      <Filter>Header Files</Filter>
    </ClInclude>
    <ClInclude Include="..\Vardef.h">
      <Filter>Header Files</Filter>
    </ClInclude>
    <ClInclude Include="..\Obj\weapons.h">
      <Filter>Header Files</Filter>
    </ClInclude>
    <ClInclude Include="..\Zone\Writezon.h">
      <Filter>Header Files</Filter>
    </ClInclude>
    <ClInclude Include="..\Zone\Zone.h">
      <Filter>Header Files</Filter>
    </ClInclude>
  </ItemGroup>
  <ItemGroup>
    <Text Include="..\Log.txt" />
  </ItemGroup>
</Project>